
Microsoft Visual Studio Solution File, Format Version 12.00
# Visual Studio Version 16
VisualStudioVersion = 16.0.28917.181
MinimumVisualStudioVersion = 10.0.40219.1
Project("{9A19103F-16F7-4668-BE54-9A1E7A4F7556}") = "ServiceHost", "ServiceHost\ServiceHost.csproj", "{4222D487-A830-4D56-A1EC-D7378B202D6B}"
EndProject
Project("{2150E333-8FDC-42A3-9474-1A3956D46DE8}") = "ShopManagement", "ShopManagement", "{BF7BCAB4-0176-4F41-BC75-3B2B0EEC86AB}"
EndProject
Project("{2150E333-8FDC-42A3-9474-1A3956D46DE8}") = "SM.Domain", "SM.Domain", "{12ACA1AC-8363-40A8-9C1B-57FD305E5B22}"
EndProject
Project("{2150E333-8FDC-42A3-9474-1A3956D46DE8}") = "SM.Application", "SM.Application", "{2E10C57A-115E-462E-A03B-2424C4E72D79}"
EndProject
Project("{2150E333-8FDC-42A3-9474-1A3956D46DE8}") = "SM.Infrastructure", "SM.Infrastructure", "{899D9B0A-AA52-46B6-A155-C71A70CFA0AE}"
EndProject
Project("{9A19103F-16F7-4668-BE54-9A1E7A4F7556}") = "ShopManagement.Application", "ShopManagement.Application\ShopManagement.Application.csproj", "{64C1721C-7EA1-4C14-81B1-45CAD7210FB5}"
EndProject
Project("{9A19103F-16F7-4668-BE54-9A1E7A4F7556}") = "ShopManagement.Application.Contracts", "ShopManagement.Application.Contracts\ShopManagement.Application.Contracts.csproj", "{4A9D7E67-EA86-479A-8F2C-BC29B14A887E}"
EndProject
Project("{9A19103F-16F7-4668-BE54-9A1E7A4F7556}") = "ShopManagement.Domain", "ShopManagement.Domain\ShopManagement.Domain.csproj", "{F151E05F-84D8-4955-A408-19EF16213760}"
EndProject
Project("{9A19103F-16F7-4668-BE54-9A1E7A4F7556}") = "ShopManagement.Infrastructure.EFCore", "ShopManagement.Infrastructure.EFCore\ShopManagement.Infrastructure.EFCore.csproj", "{C7DDC4A2-BAEC-43D1-AAD1-10CCA17F8502}"
EndProject
Project("{9A19103F-16F7-4668-BE54-9A1E7A4F7556}") = "_0_Framework", "_0_Framework\_0_Framework.csproj", "{4DCFDDAA-6659-4EBD-B255-2F7A8E010B64}"
EndProject
Project("{9A19103F-16F7-4668-BE54-9A1E7A4F7556}") = "ShopManagement.Configuration", "ShopManagement.Configuration\ShopManagement.Configuration.csproj", "{A30E584D-04C0-4CF7-A1E0-B421817B40D0}"
EndProject
Project("{9A19103F-16F7-4668-BE54-9A1E7A4F7556}") = "_01_BndShopQuery", "_01_BndShopQuery\_01_BndShopQuery.csproj", "{A74963DB-446F-4653-AD13-5575CA1D0532}"
EndProject
Project("{2150E333-8FDC-42A3-9474-1A3956D46DE8}") = "InventoryMangement", "InventoryMangement", "{E7567F9A-0E6A-4905-90CA-C7B48272559B}"
EndProject
Project("{2150E333-8FDC-42A3-9474-1A3956D46DE8}") = "AccountManagement", "AccountManagement", "{8615CDAC-88CD-4096-B434-AEE6A8E8DAA6}"
EndProject
Project("{2150E333-8FDC-42A3-9474-1A3956D46DE8}") = "BlogManagement", "BlogManagement", "{06BF6603-7DDC-4F9E-98EC-18856B0A993E}"
EndProject
Project("{2150E333-8FDC-42A3-9474-1A3956D46DE8}") = "CommentManagement", "CommentManagement", "{8F8EF5D9-62B1-4D06-9568-E085AD96F641}"
EndProject
Project("{2150E333-8FDC-42A3-9474-1A3956D46DE8}") = "DiscountManagement", "DiscountManagement", "{1885DBDF-0CA2-4016-BA64-2155D2A4CBA6}"
EndProject
Project("{2150E333-8FDC-42A3-9474-1A3956D46DE8}") = "DM.Application", "DM.Application", "{F07D14CC-85BF-4B7A-AC5D-1EA03B6D20BD}"
EndProject
Project("{2150E333-8FDC-42A3-9474-1A3956D46DE8}") = "DM.Domain", "DM.Domain", "{84C3069D-6798-4392-8A78-E1059D6A9A96}"
EndProject
Project("{2150E333-8FDC-42A3-9474-1A3956D46DE8}") = "DM.Infrastructure", "DM.Infrastructure", "{BA7A1E30-29DA-485E-83FC-9C424F37A7B6}"
EndProject
Project("{9A19103F-16F7-4668-BE54-9A1E7A4F7556}") = "DiscountManagement.Application.Contract", "DiscountManagement.Application.Contract\DiscountManagement.Application.Contract.csproj", "{45126C5B-40F4-4190-87CD-0D75C0AB33E2}"
EndProject
Project("{9A19103F-16F7-4668-BE54-9A1E7A4F7556}") = "DiscountManagement.Application", "DiscountManagement.Application\DiscountManagement.Application.csproj", "{13F94BF9-C57B-46B3-8E32-23CD7DD32C08}"
EndProject
Project("{9A19103F-16F7-4668-BE54-9A1E7A4F7556}") = "DiscountManagement.Domain", "DiscountManagement.Domain\DiscountManagement.Domain.csproj", "{3337559B-8C82-4B3B-A1A5-9103DA337C35}"
EndProject
Project("{9A19103F-16F7-4668-BE54-9A1E7A4F7556}") = "DiscountManagement.Infrastructure.EFCore", "DiscountManagement.Infrastructure.EFCore\DiscountManagement.Infrastructure.EFCore.csproj", "{E7C31D09-3C4E-418A-895E-1EC4BEA9D476}"
EndProject
Project("{9A19103F-16F7-4668-BE54-9A1E7A4F7556}") = "DiscountManagement.Configuration", "DiscountManagement.Configuration\DiscountManagement.Configuration.csproj", "{1D579921-F30E-410D-974A-16BD7D9D8AF0}"
EndProject
Project("{2150E333-8FDC-42A3-9474-1A3956D46DE8}") = "IM.Domain", "IM.Domain", "{4FC9202A-F3A5-4BF5-AE04-DF258759868E}"
EndProject
Project("{2150E333-8FDC-42A3-9474-1A3956D46DE8}") = "IM.Application", "IM.Application", "{FD7073CB-C807-49F7-AAD8-2FC58F5DDBC6}"
EndProject
Project("{2150E333-8FDC-42A3-9474-1A3956D46DE8}") = "IM.Infrastructure", "IM.Infrastructure", "{09DDD50C-53C0-40BF-A12B-37AAEF04D738}"
EndProject
Project("{9A19103F-16F7-4668-BE54-9A1E7A4F7556}") = "InventoryManagement.Application", "InventoryManagement.Application\InventoryManagement.Application.csproj", "{173B30F4-4461-49C7-A4D6-FD7911C78FDB}"
EndProject
Project("{9A19103F-16F7-4668-BE54-9A1E7A4F7556}") = "InventoryManagement.Application.Contract", "InventoryManagement.Application.Contract\InventoryManagement.Application.Contract.csproj", "{825037DE-C36F-41B9-AF9A-D71B5DA79240}"
EndProject
Project("{9A19103F-16F7-4668-BE54-9A1E7A4F7556}") = "InventoryManagement.Domain", "InventoryManagement.Domain\InventoryManagement.Domain.csproj", "{B87E5187-3562-47D0-9FB4-86BA67F91792}"
EndProject
Project("{9A19103F-16F7-4668-BE54-9A1E7A4F7556}") = "InventoryManagement.Infrastructure.Configuration", "InventoryManagement.Infrastructure.Configuration\InventoryManagement.Infrastructure.Configuration.csproj", "{4A61388C-7DB9-4435-A8EF-B5F2ED803B30}"
EndProject
Project("{9A19103F-16F7-4668-BE54-9A1E7A4F7556}") = "InventoryMangement.Infrastructure.EFCore", "InventoryMangement.Infrastructure.EFCore\InventoryMangement.Infrastructure.EFCore.csproj", "{CA4D6536-F01C-4D95-ADEF-A440795B04B3}"
EndProject
Project("{2150E333-8FDC-42A3-9474-1A3956D46DE8}") = "AM.Domain", "AM.Domain", "{E037A476-6234-4BDA-85A1-012C0A2897B5}"
EndProject
Project("{2150E333-8FDC-42A3-9474-1A3956D46DE8}") = "AM.Infrastructure", "AM.Infrastructure", "{8C867720-7E8F-42A6-8E5F-4F31C2D44017}"
EndProject
Project("{2150E333-8FDC-42A3-9474-1A3956D46DE8}") = "AM.Application", "AM.Application", "{41272FBB-8357-4A7F-BBEC-102DA4A9B2A5}"
EndProject
Project("{9A19103F-16F7-4668-BE54-9A1E7A4F7556}") = "AccountManagement.Application", "AccountManagement.Application\AccountManagement.Application.csproj", "{4268ADB9-FEB9-420C-B3F7-E1D9CD714053}"
EndProject
Project("{9A19103F-16F7-4668-BE54-9A1E7A4F7556}") = "AccountManagement.Application.Contracts", "AccountManagement.Application.Contracts\AccountManagement.Application.Contracts.csproj", "{5DDA36DB-3835-427D-8C4C-1C23E1FC6291}"
EndProject
Project("{9A19103F-16F7-4668-BE54-9A1E7A4F7556}") = "AccountManagement.Configuration", "AccountManagement.Configuration\AccountManagement.Configuration.csproj", "{1445418F-48E7-4298-9432-CEEFD1647B9C}"
EndProject
Project("{9A19103F-16F7-4668-BE54-9A1E7A4F7556}") = "AccountManagement.Domain", "AccountManagement.Domain\AccountManagement.Domain.csproj", "{712B474D-C49B-49C3-9E83-CF77ACBEB88A}"
EndProject
Project("{9A19103F-16F7-4668-BE54-9A1E7A4F7556}") = "AccountMangement.Infrastructure.EFCore", "AccountMangement.Infrastructure.EFCore\AccountMangement.Infrastructure.EFCore.csproj", "{7C2FEB24-1612-427D-A9C6-6405104E14C7}"
EndProject
Project("{2150E333-8FDC-42A3-9474-1A3956D46DE8}") = "BM.Domain", "BM.Domain", "{E1B3D247-6406-4107-813C-6CE6F57D6D99}"
EndProject
Project("{2150E333-8FDC-42A3-9474-1A3956D46DE8}") = "BM.Infrastructure", "BM.Infrastructure", "{482F2CCE-162A-428A-892B-A0C4F63BA7B3}"
EndProject
Project("{2150E333-8FDC-42A3-9474-1A3956D46DE8}") = "BM.Application", "BM.Application", "{6485836D-BCE2-40BD-B16D-4E93B447D9B4}"
EndProject
Project("{9A19103F-16F7-4668-BE54-9A1E7A4F7556}") = "BlogManagement.Application", "BlogManagement.Application\BlogManagement.Application.csproj", "{DE7295CC-0431-4BCC-84B4-1413B29E3288}"
EndProject
Project("{9A19103F-16F7-4668-BE54-9A1E7A4F7556}") = "BlogManagement.Application.Contracts", "BlogManagement.Application.Contracts\BlogManagement.Application.Contracts.csproj", "{4AF026BA-9382-49D9-985B-3330B95E7F41}"
EndProject
Project("{9A19103F-16F7-4668-BE54-9A1E7A4F7556}") = "BlogManagement.Domain", "BlogManagement.Domain\BlogManagement.Domain.csproj", "{58DEF806-366A-415B-BCFF-625F1716DB59}"
EndProject
Project("{9A19103F-16F7-4668-BE54-9A1E7A4F7556}") = "BlogManagement.Infrastructure.Configuration", "BlogManagement.Infrastructure.Configuration\BlogManagement.Infrastructure.Configuration.csproj", "{810C5E3B-5CEB-4BD6-B117-34EBFDD7F040}"
EndProject
Project("{9A19103F-16F7-4668-BE54-9A1E7A4F7556}") = "BlogManagement.Infrastructure.EFCore", "BlogManagement.Infrastructure.EFCore\BlogManagement.Infrastructure.EFCore.csproj", "{98A14F06-4A77-4E61-9F2A-6F592AE1BF4E}"
EndProject
Project("{2150E333-8FDC-42A3-9474-1A3956D46DE8}") = "CM.Domain", "CM.Domain", "{FC753392-DB84-4E99-90B9-ABFC1898947D}"
EndProject
Project("{2150E333-8FDC-42A3-9474-1A3956D46DE8}") = "CM.Application", "CM.Application", "{F953E509-F6DA-4E1E-AF9D-42D0D7E308F0}"
EndProject
Project("{2150E333-8FDC-42A3-9474-1A3956D46DE8}") = "CM.Infrastructure", "CM.Infrastructure", "{12D8F003-E8F2-45AC-9ABB-BC0985276A26}"
EndProject
Project("{9A19103F-16F7-4668-BE54-9A1E7A4F7556}") = "CommentManagement.Application", "CommentManagement.Application\CommentManagement.Application.csproj", "{DF6C0E69-690F-4F77-A7B9-60BD0BEFB711}"
EndProject
Project("{9A19103F-16F7-4668-BE54-9A1E7A4F7556}") = "CommentManagement.Application.Contracts", "CommentManagement.Application.Contracts\CommentManagement.Application.Contracts.csproj", "{395A547F-770D-4F12-8BDD-B25073D9D10E}"
EndProject
Project("{9A19103F-16F7-4668-BE54-9A1E7A4F7556}") = "CommentManagement.Domain", "CommentManagement.Domain\CommentManagement.Domain.csproj", "{ED408548-C579-4A85-A4EF-6F536CFDFC57}"
EndProject
Project("{9A19103F-16F7-4668-BE54-9A1E7A4F7556}") = "CommentManagement.Infrastructure.Configuration", "CommentManagement.Infrastructure.Configuration\CommentManagement.Infrastructure.Configuration.csproj", "{8BE8944A-9429-40DC-A778-5FB1F19695C2}"
EndProject
Project("{9A19103F-16F7-4668-BE54-9A1E7A4F7556}") = "CommnetManagement.Infrastructure.EFCore", "CommnetManagement.Infrastructure.EFCore\CommnetManagement.Infrastructure.EFCore.csproj", "{ABF7E22B-F372-4E49-82C7-3FEA30F42490}"
EndProject
Project("{9A19103F-16F7-4668-BE54-9A1E7A4F7556}") = "ShopManagement.Infrastructure.InventoryAcl", "ShopManagement.Infrastructure.InventoryAcl\ShopManagement.Infrastructure.InventoryAcl.csproj", "{81A8ADB1-029D-4F47-A6E3-38C37B9334E3}"
EndProject
Project("{9A19103F-16F7-4668-BE54-9A1E7A4F7556}") = "ShopManagement.Infrastructure.AccountAcl", "ShopManagement.Infrastructure.AccountAcl\ShopManagement.Infrastructure.AccountAcl.csproj", "{027B9F4E-8F22-486A-A1F8-AD4A7C791A13}"
EndProject
Project("{2150E333-8FDC-42A3-9474-1A3956D46DE8}") = "PropertyManagement", "PropertyManagement", "{A926CA1E-BA6A-46C0-818D-66AF4327A2D5}"
EndProject
Project("{2150E333-8FDC-42A3-9474-1A3956D46DE8}") = "PM.Application", "PM.Application", "{36E6E587-976D-4883-ADC0-7A394C6F7859}"
EndProject
Project("{2150E333-8FDC-42A3-9474-1A3956D46DE8}") = "PM.Domain", "PM.Domain", "{D60E8A10-CBB7-4916-95F4-A3E6F09E32B6}"
EndProject
Project("{2150E333-8FDC-42A3-9474-1A3956D46DE8}") = "PM.Infrastructure", "PM.Infrastructure", "{17AB7C0C-61F3-4337-AF19-B30341FBC13D}"
EndProject
Project("{9A19103F-16F7-4668-BE54-9A1E7A4F7556}") = "PropertyManagement.Application", "PropertyManagement.Application\PropertyManagement.Application.csproj", "{22218838-9B85-4846-B576-CEA4B894696B}"
EndProject
Project("{9A19103F-16F7-4668-BE54-9A1E7A4F7556}") = "PropertyManagement.Application.Contracts", "PropertyManagement.Application.Contract\PropertyManagement.Application.Contracts.csproj", "{0B0014EF-6EDE-4980-9CFD-FE1EAE4E4D08}"
EndProject
Project("{9A19103F-16F7-4668-BE54-9A1E7A4F7556}") = "PropertyManagement.Domain", "PropertyManagement.Domain\PropertyManagement.Domain.csproj", "{86740902-2F27-40D9-B6C9-0B4B4A81058D}"
EndProject
Project("{9A19103F-16F7-4668-BE54-9A1E7A4F7556}") = "PropertyManagement.Infrastructure.Configuration", "PropertyManagement.Infrastructure.Configuration\PropertyManagement.Infrastructure.Configuration.csproj", "{12EDF6DE-4F70-4F4F-A074-E6034BB57A07}"
EndProject
Project("{9A19103F-16F7-4668-BE54-9A1E7A4F7556}") = "PropertyManagement.Infrastructure.EFCore", "PropertyManagement.Infrastructure.EFCore\PropertyManagement.Infrastructure.EFCore.csproj", "{B68F2437-4BA5-4BB6-A8C7-D2CB0D9B6DBA}"
EndProject
Project("{2150E333-8FDC-42A3-9474-1A3956D46DE8}") = "DeliveryManagement", "DeliveryManagement", "{E2EBAC50-0D65-42CA-A980-1C566818F163}"
EndProject
Project("{2150E333-8FDC-42A3-9474-1A3956D46DE8}") = "AddressManagement", "AddressManagement", "{90FD8832-453F-4E15-BD37-582A886F4711}"
EndProject
Project("{2150E333-8FDC-42A3-9474-1A3956D46DE8}") = "ADM.Domain", "ADM.Domain", "{CEB57529-FF70-4C4C-80A4-374D98229AD9}"
EndProject
Project("{2150E333-8FDC-42A3-9474-1A3956D46DE8}") = "ADM.Application", "ADM.Application", "{8230F85B-AB7C-4C46-9A77-65FB1B8A6F28}"
EndProject
Project("{2150E333-8FDC-42A3-9474-1A3956D46DE8}") = "ADM.Infrastructure", "ADM.Infrastructure", "{C686BE46-D63B-4ECD-94FF-F09AE5CAFB39}"
EndProject
Project("{9A19103F-16F7-4668-BE54-9A1E7A4F7556}") = "AddressManagement.Application.Contracts", "AddressManagement.Application.Contracts\AddressManagement.Application.Contracts.csproj", "{3A5B6F97-0D4A-4E1C-B3EE-C368B5CE45D2}"
EndProject
Project("{9A19103F-16F7-4668-BE54-9A1E7A4F7556}") = "AddressManagement.Application", "AddressManagement.Application\AddressManagement.Application.csproj", "{88621655-5A07-470E-AF9A-4583FAD4F64A}"
EndProject
Project("{9A19103F-16F7-4668-BE54-9A1E7A4F7556}") = "AddressManagement.Domain", "AddressManagement.Domain\AddressManagement.Domain.csproj", "{D879E360-D4ED-4BBC-AF82-8BBC099A2628}"
EndProject
Project("{9A19103F-16F7-4668-BE54-9A1E7A4F7556}") = "AddressManagement.Infrastructure.EFCore", "AddressManagement.Infrastructure.EFCore\AddressManagement.Infrastructure.EFCore.csproj", "{1DD6BAC4-BBC8-4EF4-B6F8-A7000229A751}"
EndProject
Project("{9A19103F-16F7-4668-BE54-9A1E7A4F7556}") = "AddressManagement.Configuration", "AddressManagement.Configuration\AddressManagement.Configuration.csproj", "{E54A68B5-EB22-4A9E-A79F-B66376D130FA}"
EndProject
Global
	GlobalSection(SolutionConfigurationPlatforms) = preSolution
		Debug|Any CPU = Debug|Any CPU
		Release|Any CPU = Release|Any CPU
	EndGlobalSection
	GlobalSection(ProjectConfigurationPlatforms) = postSolution
		{4222D487-A830-4D56-A1EC-D7378B202D6B}.Debug|Any CPU.ActiveCfg = Debug|Any CPU
		{4222D487-A830-4D56-A1EC-D7378B202D6B}.Debug|Any CPU.Build.0 = Debug|Any CPU
		{4222D487-A830-4D56-A1EC-D7378B202D6B}.Release|Any CPU.ActiveCfg = Release|Any CPU
		{4222D487-A830-4D56-A1EC-D7378B202D6B}.Release|Any CPU.Build.0 = Release|Any CPU
		{64C1721C-7EA1-4C14-81B1-45CAD7210FB5}.Debug|Any CPU.ActiveCfg = Debug|Any CPU
		{64C1721C-7EA1-4C14-81B1-45CAD7210FB5}.Debug|Any CPU.Build.0 = Debug|Any CPU
		{64C1721C-7EA1-4C14-81B1-45CAD7210FB5}.Release|Any CPU.ActiveCfg = Release|Any CPU
		{64C1721C-7EA1-4C14-81B1-45CAD7210FB5}.Release|Any CPU.Build.0 = Release|Any CPU
		{4A9D7E67-EA86-479A-8F2C-BC29B14A887E}.Debug|Any CPU.ActiveCfg = Debug|Any CPU
		{4A9D7E67-EA86-479A-8F2C-BC29B14A887E}.Debug|Any CPU.Build.0 = Debug|Any CPU
		{4A9D7E67-EA86-479A-8F2C-BC29B14A887E}.Release|Any CPU.ActiveCfg = Release|Any CPU
		{4A9D7E67-EA86-479A-8F2C-BC29B14A887E}.Release|Any CPU.Build.0 = Release|Any CPU
		{F151E05F-84D8-4955-A408-19EF16213760}.Debug|Any CPU.ActiveCfg = Debug|Any CPU
		{F151E05F-84D8-4955-A408-19EF16213760}.Debug|Any CPU.Build.0 = Debug|Any CPU
		{F151E05F-84D8-4955-A408-19EF16213760}.Release|Any CPU.ActiveCfg = Release|Any CPU
		{F151E05F-84D8-4955-A408-19EF16213760}.Release|Any CPU.Build.0 = Release|Any CPU
		{C7DDC4A2-BAEC-43D1-AAD1-10CCA17F8502}.Debug|Any CPU.ActiveCfg = Debug|Any CPU
		{C7DDC4A2-BAEC-43D1-AAD1-10CCA17F8502}.Debug|Any CPU.Build.0 = Debug|Any CPU
		{C7DDC4A2-BAEC-43D1-AAD1-10CCA17F8502}.Release|Any CPU.ActiveCfg = Release|Any CPU
		{C7DDC4A2-BAEC-43D1-AAD1-10CCA17F8502}.Release|Any CPU.Build.0 = Release|Any CPU
		{4DCFDDAA-6659-4EBD-B255-2F7A8E010B64}.Debug|Any CPU.ActiveCfg = Debug|Any CPU
		{4DCFDDAA-6659-4EBD-B255-2F7A8E010B64}.Debug|Any CPU.Build.0 = Debug|Any CPU
		{4DCFDDAA-6659-4EBD-B255-2F7A8E010B64}.Release|Any CPU.ActiveCfg = Release|Any CPU
		{4DCFDDAA-6659-4EBD-B255-2F7A8E010B64}.Release|Any CPU.Build.0 = Release|Any CPU
		{A30E584D-04C0-4CF7-A1E0-B421817B40D0}.Debug|Any CPU.ActiveCfg = Debug|Any CPU
		{A30E584D-04C0-4CF7-A1E0-B421817B40D0}.Debug|Any CPU.Build.0 = Debug|Any CPU
		{A30E584D-04C0-4CF7-A1E0-B421817B40D0}.Release|Any CPU.ActiveCfg = Release|Any CPU
		{A30E584D-04C0-4CF7-A1E0-B421817B40D0}.Release|Any CPU.Build.0 = Release|Any CPU
		{A74963DB-446F-4653-AD13-5575CA1D0532}.Debug|Any CPU.ActiveCfg = Debug|Any CPU
		{A74963DB-446F-4653-AD13-5575CA1D0532}.Debug|Any CPU.Build.0 = Debug|Any CPU
		{A74963DB-446F-4653-AD13-5575CA1D0532}.Release|Any CPU.ActiveCfg = Release|Any CPU
		{A74963DB-446F-4653-AD13-5575CA1D0532}.Release|Any CPU.Build.0 = Release|Any CPU
		{45126C5B-40F4-4190-87CD-0D75C0AB33E2}.Debug|Any CPU.ActiveCfg = Debug|Any CPU
		{45126C5B-40F4-4190-87CD-0D75C0AB33E2}.Debug|Any CPU.Build.0 = Debug|Any CPU
		{45126C5B-40F4-4190-87CD-0D75C0AB33E2}.Release|Any CPU.ActiveCfg = Release|Any CPU
		{45126C5B-40F4-4190-87CD-0D75C0AB33E2}.Release|Any CPU.Build.0 = Release|Any CPU
		{13F94BF9-C57B-46B3-8E32-23CD7DD32C08}.Debug|Any CPU.ActiveCfg = Debug|Any CPU
		{13F94BF9-C57B-46B3-8E32-23CD7DD32C08}.Debug|Any CPU.Build.0 = Debug|Any CPU
		{13F94BF9-C57B-46B3-8E32-23CD7DD32C08}.Release|Any CPU.ActiveCfg = Release|Any CPU
		{13F94BF9-C57B-46B3-8E32-23CD7DD32C08}.Release|Any CPU.Build.0 = Release|Any CPU
		{3337559B-8C82-4B3B-A1A5-9103DA337C35}.Debug|Any CPU.ActiveCfg = Debug|Any CPU
		{3337559B-8C82-4B3B-A1A5-9103DA337C35}.Debug|Any CPU.Build.0 = Debug|Any CPU
		{3337559B-8C82-4B3B-A1A5-9103DA337C35}.Release|Any CPU.ActiveCfg = Release|Any CPU
		{3337559B-8C82-4B3B-A1A5-9103DA337C35}.Release|Any CPU.Build.0 = Release|Any CPU
		{E7C31D09-3C4E-418A-895E-1EC4BEA9D476}.Debug|Any CPU.ActiveCfg = Debug|Any CPU
		{E7C31D09-3C4E-418A-895E-1EC4BEA9D476}.Debug|Any CPU.Build.0 = Debug|Any CPU
		{E7C31D09-3C4E-418A-895E-1EC4BEA9D476}.Release|Any CPU.ActiveCfg = Release|Any CPU
		{E7C31D09-3C4E-418A-895E-1EC4BEA9D476}.Release|Any CPU.Build.0 = Release|Any CPU
		{1D579921-F30E-410D-974A-16BD7D9D8AF0}.Debug|Any CPU.ActiveCfg = Debug|Any CPU
		{1D579921-F30E-410D-974A-16BD7D9D8AF0}.Debug|Any CPU.Build.0 = Debug|Any CPU
		{1D579921-F30E-410D-974A-16BD7D9D8AF0}.Release|Any CPU.ActiveCfg = Release|Any CPU
		{1D579921-F30E-410D-974A-16BD7D9D8AF0}.Release|Any CPU.Build.0 = Release|Any CPU
		{173B30F4-4461-49C7-A4D6-FD7911C78FDB}.Debug|Any CPU.ActiveCfg = Debug|Any CPU
		{173B30F4-4461-49C7-A4D6-FD7911C78FDB}.Debug|Any CPU.Build.0 = Debug|Any CPU
		{173B30F4-4461-49C7-A4D6-FD7911C78FDB}.Release|Any CPU.ActiveCfg = Release|Any CPU
		{173B30F4-4461-49C7-A4D6-FD7911C78FDB}.Release|Any CPU.Build.0 = Release|Any CPU
		{825037DE-C36F-41B9-AF9A-D71B5DA79240}.Debug|Any CPU.ActiveCfg = Debug|Any CPU
		{825037DE-C36F-41B9-AF9A-D71B5DA79240}.Debug|Any CPU.Build.0 = Debug|Any CPU
		{825037DE-C36F-41B9-AF9A-D71B5DA79240}.Release|Any CPU.ActiveCfg = Release|Any CPU
		{825037DE-C36F-41B9-AF9A-D71B5DA79240}.Release|Any CPU.Build.0 = Release|Any CPU
		{B87E5187-3562-47D0-9FB4-86BA67F91792}.Debug|Any CPU.ActiveCfg = Debug|Any CPU
		{B87E5187-3562-47D0-9FB4-86BA67F91792}.Debug|Any CPU.Build.0 = Debug|Any CPU
		{B87E5187-3562-47D0-9FB4-86BA67F91792}.Release|Any CPU.ActiveCfg = Release|Any CPU
		{B87E5187-3562-47D0-9FB4-86BA67F91792}.Release|Any CPU.Build.0 = Release|Any CPU
		{4A61388C-7DB9-4435-A8EF-B5F2ED803B30}.Debug|Any CPU.ActiveCfg = Debug|Any CPU
		{4A61388C-7DB9-4435-A8EF-B5F2ED803B30}.Debug|Any CPU.Build.0 = Debug|Any CPU
		{4A61388C-7DB9-4435-A8EF-B5F2ED803B30}.Release|Any CPU.ActiveCfg = Release|Any CPU
		{4A61388C-7DB9-4435-A8EF-B5F2ED803B30}.Release|Any CPU.Build.0 = Release|Any CPU
		{CA4D6536-F01C-4D95-ADEF-A440795B04B3}.Debug|Any CPU.ActiveCfg = Debug|Any CPU
		{CA4D6536-F01C-4D95-ADEF-A440795B04B3}.Debug|Any CPU.Build.0 = Debug|Any CPU
		{CA4D6536-F01C-4D95-ADEF-A440795B04B3}.Release|Any CPU.ActiveCfg = Release|Any CPU
		{CA4D6536-F01C-4D95-ADEF-A440795B04B3}.Release|Any CPU.Build.0 = Release|Any CPU
		{4268ADB9-FEB9-420C-B3F7-E1D9CD714053}.Debug|Any CPU.ActiveCfg = Debug|Any CPU
		{4268ADB9-FEB9-420C-B3F7-E1D9CD714053}.Debug|Any CPU.Build.0 = Debug|Any CPU
		{4268ADB9-FEB9-420C-B3F7-E1D9CD714053}.Release|Any CPU.ActiveCfg = Release|Any CPU
		{4268ADB9-FEB9-420C-B3F7-E1D9CD714053}.Release|Any CPU.Build.0 = Release|Any CPU
		{5DDA36DB-3835-427D-8C4C-1C23E1FC6291}.Debug|Any CPU.ActiveCfg = Debug|Any CPU
		{5DDA36DB-3835-427D-8C4C-1C23E1FC6291}.Debug|Any CPU.Build.0 = Debug|Any CPU
		{5DDA36DB-3835-427D-8C4C-1C23E1FC6291}.Release|Any CPU.ActiveCfg = Release|Any CPU
		{5DDA36DB-3835-427D-8C4C-1C23E1FC6291}.Release|Any CPU.Build.0 = Release|Any CPU
		{1445418F-48E7-4298-9432-CEEFD1647B9C}.Debug|Any CPU.ActiveCfg = Debug|Any CPU
		{1445418F-48E7-4298-9432-CEEFD1647B9C}.Debug|Any CPU.Build.0 = Debug|Any CPU
		{1445418F-48E7-4298-9432-CEEFD1647B9C}.Release|Any CPU.ActiveCfg = Release|Any CPU
		{1445418F-48E7-4298-9432-CEEFD1647B9C}.Release|Any CPU.Build.0 = Release|Any CPU
		{712B474D-C49B-49C3-9E83-CF77ACBEB88A}.Debug|Any CPU.ActiveCfg = Debug|Any CPU
		{712B474D-C49B-49C3-9E83-CF77ACBEB88A}.Debug|Any CPU.Build.0 = Debug|Any CPU
		{712B474D-C49B-49C3-9E83-CF77ACBEB88A}.Release|Any CPU.ActiveCfg = Release|Any CPU
		{712B474D-C49B-49C3-9E83-CF77ACBEB88A}.Release|Any CPU.Build.0 = Release|Any CPU
		{7C2FEB24-1612-427D-A9C6-6405104E14C7}.Debug|Any CPU.ActiveCfg = Debug|Any CPU
		{7C2FEB24-1612-427D-A9C6-6405104E14C7}.Debug|Any CPU.Build.0 = Debug|Any CPU
		{7C2FEB24-1612-427D-A9C6-6405104E14C7}.Release|Any CPU.ActiveCfg = Release|Any CPU
		{7C2FEB24-1612-427D-A9C6-6405104E14C7}.Release|Any CPU.Build.0 = Release|Any CPU
		{DE7295CC-0431-4BCC-84B4-1413B29E3288}.Debug|Any CPU.ActiveCfg = Debug|Any CPU
		{DE7295CC-0431-4BCC-84B4-1413B29E3288}.Debug|Any CPU.Build.0 = Debug|Any CPU
		{DE7295CC-0431-4BCC-84B4-1413B29E3288}.Release|Any CPU.ActiveCfg = Release|Any CPU
		{DE7295CC-0431-4BCC-84B4-1413B29E3288}.Release|Any CPU.Build.0 = Release|Any CPU
		{4AF026BA-9382-49D9-985B-3330B95E7F41}.Debug|Any CPU.ActiveCfg = Debug|Any CPU
		{4AF026BA-9382-49D9-985B-3330B95E7F41}.Debug|Any CPU.Build.0 = Debug|Any CPU
		{4AF026BA-9382-49D9-985B-3330B95E7F41}.Release|Any CPU.ActiveCfg = Release|Any CPU
		{4AF026BA-9382-49D9-985B-3330B95E7F41}.Release|Any CPU.Build.0 = Release|Any CPU
		{58DEF806-366A-415B-BCFF-625F1716DB59}.Debug|Any CPU.ActiveCfg = Debug|Any CPU
		{58DEF806-366A-415B-BCFF-625F1716DB59}.Debug|Any CPU.Build.0 = Debug|Any CPU
		{58DEF806-366A-415B-BCFF-625F1716DB59}.Release|Any CPU.ActiveCfg = Release|Any CPU
		{58DEF806-366A-415B-BCFF-625F1716DB59}.Release|Any CPU.Build.0 = Release|Any CPU
		{810C5E3B-5CEB-4BD6-B117-34EBFDD7F040}.Debug|Any CPU.ActiveCfg = Debug|Any CPU
		{810C5E3B-5CEB-4BD6-B117-34EBFDD7F040}.Debug|Any CPU.Build.0 = Debug|Any CPU
		{810C5E3B-5CEB-4BD6-B117-34EBFDD7F040}.Release|Any CPU.ActiveCfg = Release|Any CPU
		{810C5E3B-5CEB-4BD6-B117-34EBFDD7F040}.Release|Any CPU.Build.0 = Release|Any CPU
		{98A14F06-4A77-4E61-9F2A-6F592AE1BF4E}.Debug|Any CPU.ActiveCfg = Debug|Any CPU
		{98A14F06-4A77-4E61-9F2A-6F592AE1BF4E}.Debug|Any CPU.Build.0 = Debug|Any CPU
		{98A14F06-4A77-4E61-9F2A-6F592AE1BF4E}.Release|Any CPU.ActiveCfg = Release|Any CPU
		{98A14F06-4A77-4E61-9F2A-6F592AE1BF4E}.Release|Any CPU.Build.0 = Release|Any CPU
		{DF6C0E69-690F-4F77-A7B9-60BD0BEFB711}.Debug|Any CPU.ActiveCfg = Debug|Any CPU
		{DF6C0E69-690F-4F77-A7B9-60BD0BEFB711}.Debug|Any CPU.Build.0 = Debug|Any CPU
		{DF6C0E69-690F-4F77-A7B9-60BD0BEFB711}.Release|Any CPU.ActiveCfg = Release|Any CPU
		{DF6C0E69-690F-4F77-A7B9-60BD0BEFB711}.Release|Any CPU.Build.0 = Release|Any CPU
		{395A547F-770D-4F12-8BDD-B25073D9D10E}.Debug|Any CPU.ActiveCfg = Debug|Any CPU
		{395A547F-770D-4F12-8BDD-B25073D9D10E}.Debug|Any CPU.Build.0 = Debug|Any CPU
		{395A547F-770D-4F12-8BDD-B25073D9D10E}.Release|Any CPU.ActiveCfg = Release|Any CPU
		{395A547F-770D-4F12-8BDD-B25073D9D10E}.Release|Any CPU.Build.0 = Release|Any CPU
		{ED408548-C579-4A85-A4EF-6F536CFDFC57}.Debug|Any CPU.ActiveCfg = Debug|Any CPU
		{ED408548-C579-4A85-A4EF-6F536CFDFC57}.Debug|Any CPU.Build.0 = Debug|Any CPU
		{ED408548-C579-4A85-A4EF-6F536CFDFC57}.Release|Any CPU.ActiveCfg = Release|Any CPU
		{ED408548-C579-4A85-A4EF-6F536CFDFC57}.Release|Any CPU.Build.0 = Release|Any CPU
		{8BE8944A-9429-40DC-A778-5FB1F19695C2}.Debug|Any CPU.ActiveCfg = Debug|Any CPU
		{8BE8944A-9429-40DC-A778-5FB1F19695C2}.Debug|Any CPU.Build.0 = Debug|Any CPU
		{8BE8944A-9429-40DC-A778-5FB1F19695C2}.Release|Any CPU.ActiveCfg = Release|Any CPU
		{8BE8944A-9429-40DC-A778-5FB1F19695C2}.Release|Any CPU.Build.0 = Release|Any CPU
		{ABF7E22B-F372-4E49-82C7-3FEA30F42490}.Debug|Any CPU.ActiveCfg = Debug|Any CPU
		{ABF7E22B-F372-4E49-82C7-3FEA30F42490}.Debug|Any CPU.Build.0 = Debug|Any CPU
		{ABF7E22B-F372-4E49-82C7-3FEA30F42490}.Release|Any CPU.ActiveCfg = Release|Any CPU
		{ABF7E22B-F372-4E49-82C7-3FEA30F42490}.Release|Any CPU.Build.0 = Release|Any CPU
		{81A8ADB1-029D-4F47-A6E3-38C37B9334E3}.Debug|Any CPU.ActiveCfg = Debug|Any CPU
		{81A8ADB1-029D-4F47-A6E3-38C37B9334E3}.Debug|Any CPU.Build.0 = Debug|Any CPU
		{81A8ADB1-029D-4F47-A6E3-38C37B9334E3}.Release|Any CPU.ActiveCfg = Release|Any CPU
		{81A8ADB1-029D-4F47-A6E3-38C37B9334E3}.Release|Any CPU.Build.0 = Release|Any CPU
		{027B9F4E-8F22-486A-A1F8-AD4A7C791A13}.Debug|Any CPU.ActiveCfg = Debug|Any CPU
		{027B9F4E-8F22-486A-A1F8-AD4A7C791A13}.Debug|Any CPU.Build.0 = Debug|Any CPU
		{027B9F4E-8F22-486A-A1F8-AD4A7C791A13}.Release|Any CPU.ActiveCfg = Release|Any CPU
		{027B9F4E-8F22-486A-A1F8-AD4A7C791A13}.Release|Any CPU.Build.0 = Release|Any CPU
		{22218838-9B85-4846-B576-CEA4B894696B}.Debug|Any CPU.ActiveCfg = Debug|Any CPU
		{22218838-9B85-4846-B576-CEA4B894696B}.Release|Any CPU.ActiveCfg = Release|Any CPU
		{22218838-9B85-4846-B576-CEA4B894696B}.Release|Any CPU.Build.0 = Release|Any CPU
		{0B0014EF-6EDE-4980-9CFD-FE1EAE4E4D08}.Debug|Any CPU.ActiveCfg = Debug|Any CPU
		{0B0014EF-6EDE-4980-9CFD-FE1EAE4E4D08}.Release|Any CPU.ActiveCfg = Release|Any CPU
		{0B0014EF-6EDE-4980-9CFD-FE1EAE4E4D08}.Release|Any CPU.Build.0 = Release|Any CPU
		{86740902-2F27-40D9-B6C9-0B4B4A81058D}.Debug|Any CPU.ActiveCfg = Debug|Any CPU
		{86740902-2F27-40D9-B6C9-0B4B4A81058D}.Release|Any CPU.ActiveCfg = Release|Any CPU
		{86740902-2F27-40D9-B6C9-0B4B4A81058D}.Release|Any CPU.Build.0 = Release|Any CPU
		{12EDF6DE-4F70-4F4F-A074-E6034BB57A07}.Debug|Any CPU.ActiveCfg = Debug|Any CPU
		{12EDF6DE-4F70-4F4F-A074-E6034BB57A07}.Release|Any CPU.ActiveCfg = Release|Any CPU
		{12EDF6DE-4F70-4F4F-A074-E6034BB57A07}.Release|Any CPU.Build.0 = Release|Any CPU
		{B68F2437-4BA5-4BB6-A8C7-D2CB0D9B6DBA}.Debug|Any CPU.ActiveCfg = Debug|Any CPU
		{B68F2437-4BA5-4BB6-A8C7-D2CB0D9B6DBA}.Release|Any CPU.ActiveCfg = Release|Any CPU
		{B68F2437-4BA5-4BB6-A8C7-D2CB0D9B6DBA}.Release|Any CPU.Build.0 = Release|Any CPU
		{3A5B6F97-0D4A-4E1C-B3EE-C368B5CE45D2}.Debug|Any CPU.ActiveCfg = Debug|Any CPU
		{3A5B6F97-0D4A-4E1C-B3EE-C368B5CE45D2}.Debug|Any CPU.Build.0 = Debug|Any CPU
		{3A5B6F97-0D4A-4E1C-B3EE-C368B5CE45D2}.Release|Any CPU.ActiveCfg = Release|Any CPU
		{3A5B6F97-0D4A-4E1C-B3EE-C368B5CE45D2}.Release|Any CPU.Build.0 = Release|Any CPU
		{88621655-5A07-470E-AF9A-4583FAD4F64A}.Debug|Any CPU.ActiveCfg = Debug|Any CPU
		{88621655-5A07-470E-AF9A-4583FAD4F64A}.Debug|Any CPU.Build.0 = Debug|Any CPU
		{88621655-5A07-470E-AF9A-4583FAD4F64A}.Release|Any CPU.ActiveCfg = Release|Any CPU
		{88621655-5A07-470E-AF9A-4583FAD4F64A}.Release|Any CPU.Build.0 = Release|Any CPU
		{D879E360-D4ED-4BBC-AF82-8BBC099A2628}.Debug|Any CPU.ActiveCfg = Debug|Any CPU
		{D879E360-D4ED-4BBC-AF82-8BBC099A2628}.Debug|Any CPU.Build.0 = Debug|Any CPU
		{D879E360-D4ED-4BBC-AF82-8BBC099A2628}.Release|Any CPU.ActiveCfg = Release|Any CPU
		{D879E360-D4ED-4BBC-AF82-8BBC099A2628}.Release|Any CPU.Build.0 = Release|Any CPU
		{1DD6BAC4-BBC8-4EF4-B6F8-A7000229A751}.Debug|Any CPU.ActiveCfg = Debug|Any CPU
		{1DD6BAC4-BBC8-4EF4-B6F8-A7000229A751}.Debug|Any CPU.Build.0 = Debug|Any CPU
		{1DD6BAC4-BBC8-4EF4-B6F8-A7000229A751}.Release|Any CPU.ActiveCfg = Release|Any CPU
		{1DD6BAC4-BBC8-4EF4-B6F8-A7000229A751}.Release|Any CPU.Build.0 = Release|Any CPU
		{E54A68B5-EB22-4A9E-A79F-B66376D130FA}.Debug|Any CPU.ActiveCfg = Debug|Any CPU
		{E54A68B5-EB22-4A9E-A79F-B66376D130FA}.Debug|Any CPU.Build.0 = Debug|Any CPU
		{E54A68B5-EB22-4A9E-A79F-B66376D130FA}.Release|Any CPU.ActiveCfg = Release|Any CPU
		{E54A68B5-EB22-4A9E-A79F-B66376D130FA}.Release|Any CPU.Build.0 = Release|Any CPU
	EndGlobalSection
	GlobalSection(SolutionProperties) = preSolution
		HideSolutionNode = FALSE
	EndGlobalSection
	GlobalSection(NestedProjects) = preSolution
		{12ACA1AC-8363-40A8-9C1B-57FD305E5B22} = {BF7BCAB4-0176-4F41-BC75-3B2B0EEC86AB}
		{2E10C57A-115E-462E-A03B-2424C4E72D79} = {BF7BCAB4-0176-4F41-BC75-3B2B0EEC86AB}
		{899D9B0A-AA52-46B6-A155-C71A70CFA0AE} = {BF7BCAB4-0176-4F41-BC75-3B2B0EEC86AB}
		{64C1721C-7EA1-4C14-81B1-45CAD7210FB5} = {2E10C57A-115E-462E-A03B-2424C4E72D79}
		{4A9D7E67-EA86-479A-8F2C-BC29B14A887E} = {2E10C57A-115E-462E-A03B-2424C4E72D79}
		{F151E05F-84D8-4955-A408-19EF16213760} = {12ACA1AC-8363-40A8-9C1B-57FD305E5B22}
		{C7DDC4A2-BAEC-43D1-AAD1-10CCA17F8502} = {899D9B0A-AA52-46B6-A155-C71A70CFA0AE}
		{A30E584D-04C0-4CF7-A1E0-B421817B40D0} = {899D9B0A-AA52-46B6-A155-C71A70CFA0AE}
		{F07D14CC-85BF-4B7A-AC5D-1EA03B6D20BD} = {1885DBDF-0CA2-4016-BA64-2155D2A4CBA6}
		{84C3069D-6798-4392-8A78-E1059D6A9A96} = {1885DBDF-0CA2-4016-BA64-2155D2A4CBA6}
		{BA7A1E30-29DA-485E-83FC-9C424F37A7B6} = {1885DBDF-0CA2-4016-BA64-2155D2A4CBA6}
		{45126C5B-40F4-4190-87CD-0D75C0AB33E2} = {F07D14CC-85BF-4B7A-AC5D-1EA03B6D20BD}
		{13F94BF9-C57B-46B3-8E32-23CD7DD32C08} = {F07D14CC-85BF-4B7A-AC5D-1EA03B6D20BD}
		{3337559B-8C82-4B3B-A1A5-9103DA337C35} = {84C3069D-6798-4392-8A78-E1059D6A9A96}
		{E7C31D09-3C4E-418A-895E-1EC4BEA9D476} = {BA7A1E30-29DA-485E-83FC-9C424F37A7B6}
		{1D579921-F30E-410D-974A-16BD7D9D8AF0} = {BA7A1E30-29DA-485E-83FC-9C424F37A7B6}
		{4FC9202A-F3A5-4BF5-AE04-DF258759868E} = {E7567F9A-0E6A-4905-90CA-C7B48272559B}
		{FD7073CB-C807-49F7-AAD8-2FC58F5DDBC6} = {E7567F9A-0E6A-4905-90CA-C7B48272559B}
		{09DDD50C-53C0-40BF-A12B-37AAEF04D738} = {E7567F9A-0E6A-4905-90CA-C7B48272559B}
		{173B30F4-4461-49C7-A4D6-FD7911C78FDB} = {FD7073CB-C807-49F7-AAD8-2FC58F5DDBC6}
		{825037DE-C36F-41B9-AF9A-D71B5DA79240} = {FD7073CB-C807-49F7-AAD8-2FC58F5DDBC6}
		{B87E5187-3562-47D0-9FB4-86BA67F91792} = {4FC9202A-F3A5-4BF5-AE04-DF258759868E}
		{4A61388C-7DB9-4435-A8EF-B5F2ED803B30} = {09DDD50C-53C0-40BF-A12B-37AAEF04D738}
		{CA4D6536-F01C-4D95-ADEF-A440795B04B3} = {09DDD50C-53C0-40BF-A12B-37AAEF04D738}
		{E037A476-6234-4BDA-85A1-012C0A2897B5} = {8615CDAC-88CD-4096-B434-AEE6A8E8DAA6}
		{8C867720-7E8F-42A6-8E5F-4F31C2D44017} = {8615CDAC-88CD-4096-B434-AEE6A8E8DAA6}
		{41272FBB-8357-4A7F-BBEC-102DA4A9B2A5} = {8615CDAC-88CD-4096-B434-AEE6A8E8DAA6}
		{4268ADB9-FEB9-420C-B3F7-E1D9CD714053} = {41272FBB-8357-4A7F-BBEC-102DA4A9B2A5}
		{5DDA36DB-3835-427D-8C4C-1C23E1FC6291} = {41272FBB-8357-4A7F-BBEC-102DA4A9B2A5}
		{1445418F-48E7-4298-9432-CEEFD1647B9C} = {8C867720-7E8F-42A6-8E5F-4F31C2D44017}
		{712B474D-C49B-49C3-9E83-CF77ACBEB88A} = {E037A476-6234-4BDA-85A1-012C0A2897B5}
		{7C2FEB24-1612-427D-A9C6-6405104E14C7} = {8C867720-7E8F-42A6-8E5F-4F31C2D44017}
		{E1B3D247-6406-4107-813C-6CE6F57D6D99} = {06BF6603-7DDC-4F9E-98EC-18856B0A993E}
		{482F2CCE-162A-428A-892B-A0C4F63BA7B3} = {06BF6603-7DDC-4F9E-98EC-18856B0A993E}
		{6485836D-BCE2-40BD-B16D-4E93B447D9B4} = {06BF6603-7DDC-4F9E-98EC-18856B0A993E}
		{DE7295CC-0431-4BCC-84B4-1413B29E3288} = {6485836D-BCE2-40BD-B16D-4E93B447D9B4}
		{4AF026BA-9382-49D9-985B-3330B95E7F41} = {6485836D-BCE2-40BD-B16D-4E93B447D9B4}
		{58DEF806-366A-415B-BCFF-625F1716DB59} = {E1B3D247-6406-4107-813C-6CE6F57D6D99}
		{810C5E3B-5CEB-4BD6-B117-34EBFDD7F040} = {482F2CCE-162A-428A-892B-A0C4F63BA7B3}
		{98A14F06-4A77-4E61-9F2A-6F592AE1BF4E} = {482F2CCE-162A-428A-892B-A0C4F63BA7B3}
		{FC753392-DB84-4E99-90B9-ABFC1898947D} = {8F8EF5D9-62B1-4D06-9568-E085AD96F641}
		{F953E509-F6DA-4E1E-AF9D-42D0D7E308F0} = {8F8EF5D9-62B1-4D06-9568-E085AD96F641}
		{12D8F003-E8F2-45AC-9ABB-BC0985276A26} = {8F8EF5D9-62B1-4D06-9568-E085AD96F641}
		{DF6C0E69-690F-4F77-A7B9-60BD0BEFB711} = {F953E509-F6DA-4E1E-AF9D-42D0D7E308F0}
		{395A547F-770D-4F12-8BDD-B25073D9D10E} = {F953E509-F6DA-4E1E-AF9D-42D0D7E308F0}
		{ED408548-C579-4A85-A4EF-6F536CFDFC57} = {FC753392-DB84-4E99-90B9-ABFC1898947D}
		{8BE8944A-9429-40DC-A778-5FB1F19695C2} = {12D8F003-E8F2-45AC-9ABB-BC0985276A26}
		{ABF7E22B-F372-4E49-82C7-3FEA30F42490} = {12D8F003-E8F2-45AC-9ABB-BC0985276A26}
		{81A8ADB1-029D-4F47-A6E3-38C37B9334E3} = {899D9B0A-AA52-46B6-A155-C71A70CFA0AE}
		{027B9F4E-8F22-486A-A1F8-AD4A7C791A13} = {899D9B0A-AA52-46B6-A155-C71A70CFA0AE}
		{36E6E587-976D-4883-ADC0-7A394C6F7859} = {A926CA1E-BA6A-46C0-818D-66AF4327A2D5}
		{D60E8A10-CBB7-4916-95F4-A3E6F09E32B6} = {A926CA1E-BA6A-46C0-818D-66AF4327A2D5}
		{17AB7C0C-61F3-4337-AF19-B30341FBC13D} = {A926CA1E-BA6A-46C0-818D-66AF4327A2D5}
		{22218838-9B85-4846-B576-CEA4B894696B} = {36E6E587-976D-4883-ADC0-7A394C6F7859}
		{0B0014EF-6EDE-4980-9CFD-FE1EAE4E4D08} = {36E6E587-976D-4883-ADC0-7A394C6F7859}
		{86740902-2F27-40D9-B6C9-0B4B4A81058D} = {D60E8A10-CBB7-4916-95F4-A3E6F09E32B6}
		{12EDF6DE-4F70-4F4F-A074-E6034BB57A07} = {17AB7C0C-61F3-4337-AF19-B30341FBC13D}
		{B68F2437-4BA5-4BB6-A8C7-D2CB0D9B6DBA} = {17AB7C0C-61F3-4337-AF19-B30341FBC13D}
		{CEB57529-FF70-4C4C-80A4-374D98229AD9} = {90FD8832-453F-4E15-BD37-582A886F4711}
		{8230F85B-AB7C-4C46-9A77-65FB1B8A6F28} = {90FD8832-453F-4E15-BD37-582A886F4711}
		{C686BE46-D63B-4ECD-94FF-F09AE5CAFB39} = {90FD8832-453F-4E15-BD37-582A886F4711}
		{3A5B6F97-0D4A-4E1C-B3EE-C368B5CE45D2} = {8230F85B-AB7C-4C46-9A77-65FB1B8A6F28}
		{88621655-5A07-470E-AF9A-4583FAD4F64A} = {8230F85B-AB7C-4C46-9A77-65FB1B8A6F28}
		{D879E360-D4ED-4BBC-AF82-8BBC099A2628} = {CEB57529-FF70-4C4C-80A4-374D98229AD9}
		{1DD6BAC4-BBC8-4EF4-B6F8-A7000229A751} = {C686BE46-D63B-4ECD-94FF-F09AE5CAFB39}
		{E54A68B5-EB22-4A9E-A79F-B66376D130FA} = {C686BE46-D63B-4ECD-94FF-F09AE5CAFB39}
	EndGlobalSection
	GlobalSection(ExtensibilityGlobals) = postSolution
		SolutionGuid = {933FAD19-DB09-44B5-ADDB-B6C903D688C3}
	EndGlobalSection
EndGlobal
