
Microsoft Visual Studio Solution File, Format Version 12.00
# Visual Studio Version 16
VisualStudioVersion = 16.0.28917.181
MinimumVisualStudioVersion = 10.0.40219.1
Project("{9A19103F-16F7-4668-BE54-9A1E7A4F7556}") = "ServiceHost", "ServiceHost\ServiceHost.csproj", "{4222D487-A830-4D56-A1EC-D7378B202D6B}"
EndProject
Project("{2150E333-8FDC-42A3-9474-1A3956D46DE8}") = "ShopManagement", "ShopManagement", "{BF7BCAB4-0176-4F41-BC75-3B2B0EEC86AB}"
EndProject
Project("{2150E333-8FDC-42A3-9474-1A3956D46DE8}") = "SM.Domain", "SM.Domain", "{12ACA1AC-8363-40A8-9C1B-57FD305E5B22}"
EndProject
Project("{2150E333-8FDC-42A3-9474-1A3956D46DE8}") = "SM.Application", "SM.Application", "{2E10C57A-115E-462E-A03B-2424C4E72D79}"
EndProject
Project("{2150E333-8FDC-42A3-9474-1A3956D46DE8}") = "SM.Infrastructure", "SM.Infrastructure", "{899D9B0A-AA52-46B6-A155-C71A70CFA0AE}"
EndProject
Project("{9A19103F-16F7-4668-BE54-9A1E7A4F7556}") = "ShopManagement.Application", "ShopManagement.Application\ShopManagement.Application.csproj", "{64C1721C-7EA1-4C14-81B1-45CAD7210FB5}"
EndProject
Project("{9A19103F-16F7-4668-BE54-9A1E7A4F7556}") = "ShopManagement.Application.Contracts", "ShopManagement.Application.Contracts\ShopManagement.Application.Contracts.csproj", "{4A9D7E67-EA86-479A-8F2C-BC29B14A887E}"
EndProject
Project("{9A19103F-16F7-4668-BE54-9A1E7A4F7556}") = "ShopManagement.Domain", "ShopManagement.Domain\ShopManagement.Domain.csproj", "{F151E05F-84D8-4955-A408-19EF16213760}"
EndProject
Project("{9A19103F-16F7-4668-BE54-9A1E7A4F7556}") = "ShopManagement.Infrastructure.EFCore", "ShopManagement.Infrastructure.EFCore\ShopManagement.Infrastructure.EFCore.csproj", "{C7DDC4A2-BAEC-43D1-AAD1-10CCA17F8502}"
EndProject
Project("{9A19103F-16F7-4668-BE54-9A1E7A4F7556}") = "_0_Framework", "_0_Framework\_0_Framework.csproj", "{4DCFDDAA-6659-4EBD-B255-2F7A8E010B64}"
EndProject
Project("{9A19103F-16F7-4668-BE54-9A1E7A4F7556}") = "ShopManagement.Configuration", "ShopManagement.Configuration\ShopManagement.Configuration.csproj", "{A30E584D-04C0-4CF7-A1E0-B421817B40D0}"
EndProject
Project("{9A19103F-16F7-4668-BE54-9A1E7A4F7556}") = "_01_BndShopQuery", "_01_BndShopQuery\_01_BndShopQuery.csproj", "{A74963DB-446F-4653-AD13-5575CA1D0532}"
EndProject
Project("{2150E333-8FDC-42A3-9474-1A3956D46DE8}") = "InventoryMangement", "InventoryMangement", "{E7567F9A-0E6A-4905-90CA-C7B48272559B}"
EndProject
Project("{2150E333-8FDC-42A3-9474-1A3956D46DE8}") = "AccountManagement", "AccountManagement", "{8615CDAC-88CD-4096-B434-AEE6A8E8DAA6}"
EndProject
Project("{2150E333-8FDC-42A3-9474-1A3956D46DE8}") = "BlogManagement", "BlogManagement", "{06BF6603-7DDC-4F9E-98EC-18856B0A993E}"
EndProject
Project("{2150E333-8FDC-42A3-9474-1A3956D46DE8}") = "CommentManagem", "CommentManagem", "{8F8EF5D9-62B1-4D06-9568-E085AD96F641}"
EndProject
Project("{2150E333-8FDC-42A3-9474-1A3956D46DE8}") = "DiscountManagement", "DiscountManagement", "{1885DBDF-0CA2-4016-BA64-2155D2A4CBA6}"
EndProject
Project("{2150E333-8FDC-42A3-9474-1A3956D46DE8}") = "DM.Application", "DM.Application", "{F07D14CC-85BF-4B7A-AC5D-1EA03B6D20BD}"
EndProject
Project("{2150E333-8FDC-42A3-9474-1A3956D46DE8}") = "DM.Domain", "DM.Domain", "{84C3069D-6798-4392-8A78-E1059D6A9A96}"
EndProject
Project("{2150E333-8FDC-42A3-9474-1A3956D46DE8}") = "DM.Infrastructure", "DM.Infrastructure", "{BA7A1E30-29DA-485E-83FC-9C424F37A7B6}"
EndProject
Project("{FAE04EC0-301F-11D3-BF4B-00C04F79EFBC}") = "DiscountManagement.Application.Contract", "DiscountManagement.Application.Contract\DiscountManagement.Application.Contract.csproj", "{45126C5B-40F4-4190-87CD-0D75C0AB33E2}"
EndProject
Project("{FAE04EC0-301F-11D3-BF4B-00C04F79EFBC}") = "DiscountManagement.Application", "DiscountManagement.Application\DiscountManagement.Application.csproj", "{13F94BF9-C57B-46B3-8E32-23CD7DD32C08}"
EndProject
Project("{FAE04EC0-301F-11D3-BF4B-00C04F79EFBC}") = "DiscountManagement.Domain", "DiscountManagement.Domain\DiscountManagement.Domain.csproj", "{3337559B-8C82-4B3B-A1A5-9103DA337C35}"
EndProject
Project("{FAE04EC0-301F-11D3-BF4B-00C04F79EFBC}") = "DiscountManagement.Infrastructure.EFCore", "DiscountManagement.Infrastructure.EFCore\DiscountManagement.Infrastructure.EFCore.csproj", "{E7C31D09-3C4E-418A-895E-1EC4BEA9D476}"
EndProject
Project("{FAE04EC0-301F-11D3-BF4B-00C04F79EFBC}") = "DiscountManagement.Configuration", "DiscountManagement.Configuration\DiscountManagement.Configuration.csproj", "{1D579921-F30E-410D-974A-16BD7D9D8AF0}"
EndProject
Global
	GlobalSection(SolutionConfigurationPlatforms) = preSolution
		Debug|Any CPU = Debug|Any CPU
		Release|Any CPU = Release|Any CPU
	EndGlobalSection
	GlobalSection(ProjectConfigurationPlatforms) = postSolution
		{4222D487-A830-4D56-A1EC-D7378B202D6B}.Debug|Any CPU.ActiveCfg = Debug|Any CPU
		{4222D487-A830-4D56-A1EC-D7378B202D6B}.Debug|Any CPU.Build.0 = Debug|Any CPU
		{4222D487-A830-4D56-A1EC-D7378B202D6B}.Release|Any CPU.ActiveCfg = Release|Any CPU
		{4222D487-A830-4D56-A1EC-D7378B202D6B}.Release|Any CPU.Build.0 = Release|Any CPU
		{64C1721C-7EA1-4C14-81B1-45CAD7210FB5}.Debug|Any CPU.ActiveCfg = Debug|Any CPU
		{64C1721C-7EA1-4C14-81B1-45CAD7210FB5}.Debug|Any CPU.Build.0 = Debug|Any CPU
		{64C1721C-7EA1-4C14-81B1-45CAD7210FB5}.Release|Any CPU.ActiveCfg = Release|Any CPU
		{64C1721C-7EA1-4C14-81B1-45CAD7210FB5}.Release|Any CPU.Build.0 = Release|Any CPU
		{4A9D7E67-EA86-479A-8F2C-BC29B14A887E}.Debug|Any CPU.ActiveCfg = Debug|Any CPU
		{4A9D7E67-EA86-479A-8F2C-BC29B14A887E}.Debug|Any CPU.Build.0 = Debug|Any CPU
		{4A9D7E67-EA86-479A-8F2C-BC29B14A887E}.Release|Any CPU.ActiveCfg = Release|Any CPU
		{4A9D7E67-EA86-479A-8F2C-BC29B14A887E}.Release|Any CPU.Build.0 = Release|Any CPU
		{F151E05F-84D8-4955-A408-19EF16213760}.Debug|Any CPU.ActiveCfg = Debug|Any CPU
		{F151E05F-84D8-4955-A408-19EF16213760}.Debug|Any CPU.Build.0 = Debug|Any CPU
		{F151E05F-84D8-4955-A408-19EF16213760}.Release|Any CPU.ActiveCfg = Release|Any CPU
		{F151E05F-84D8-4955-A408-19EF16213760}.Release|Any CPU.Build.0 = Release|Any CPU
		{C7DDC4A2-BAEC-43D1-AAD1-10CCA17F8502}.Debug|Any CPU.ActiveCfg = Debug|Any CPU
		{C7DDC4A2-BAEC-43D1-AAD1-10CCA17F8502}.Debug|Any CPU.Build.0 = Debug|Any CPU
		{C7DDC4A2-BAEC-43D1-AAD1-10CCA17F8502}.Release|Any CPU.ActiveCfg = Release|Any CPU
		{C7DDC4A2-BAEC-43D1-AAD1-10CCA17F8502}.Release|Any CPU.Build.0 = Release|Any CPU
		{4DCFDDAA-6659-4EBD-B255-2F7A8E010B64}.Debug|Any CPU.ActiveCfg = Debug|Any CPU
		{4DCFDDAA-6659-4EBD-B255-2F7A8E010B64}.Debug|Any CPU.Build.0 = Debug|Any CPU
		{4DCFDDAA-6659-4EBD-B255-2F7A8E010B64}.Release|Any CPU.ActiveCfg = Release|Any CPU
		{4DCFDDAA-6659-4EBD-B255-2F7A8E010B64}.Release|Any CPU.Build.0 = Release|Any CPU
		{A30E584D-04C0-4CF7-A1E0-B421817B40D0}.Debug|Any CPU.ActiveCfg = Debug|Any CPU
		{A30E584D-04C0-4CF7-A1E0-B421817B40D0}.Debug|Any CPU.Build.0 = Debug|Any CPU
		{A30E584D-04C0-4CF7-A1E0-B421817B40D0}.Release|Any CPU.ActiveCfg = Release|Any CPU
		{A30E584D-04C0-4CF7-A1E0-B421817B40D0}.Release|Any CPU.Build.0 = Release|Any CPU
		{A74963DB-446F-4653-AD13-5575CA1D0532}.Debug|Any CPU.ActiveCfg = Debug|Any CPU
		{A74963DB-446F-4653-AD13-5575CA1D0532}.Debug|Any CPU.Build.0 = Debug|Any CPU
		{A74963DB-446F-4653-AD13-5575CA1D0532}.Release|Any CPU.ActiveCfg = Release|Any CPU
		{A74963DB-446F-4653-AD13-5575CA1D0532}.Release|Any CPU.Build.0 = Release|Any CPU
		{45126C5B-40F4-4190-87CD-0D75C0AB33E2}.Debug|Any CPU.ActiveCfg = Debug|Any CPU
		{45126C5B-40F4-4190-87CD-0D75C0AB33E2}.Debug|Any CPU.Build.0 = Debug|Any CPU
		{45126C5B-40F4-4190-87CD-0D75C0AB33E2}.Release|Any CPU.ActiveCfg = Release|Any CPU
		{45126C5B-40F4-4190-87CD-0D75C0AB33E2}.Release|Any CPU.Build.0 = Release|Any CPU
		{13F94BF9-C57B-46B3-8E32-23CD7DD32C08}.Debug|Any CPU.ActiveCfg = Debug|Any CPU
		{13F94BF9-C57B-46B3-8E32-23CD7DD32C08}.Debug|Any CPU.Build.0 = Debug|Any CPU
		{13F94BF9-C57B-46B3-8E32-23CD7DD32C08}.Release|Any CPU.ActiveCfg = Release|Any CPU
		{13F94BF9-C57B-46B3-8E32-23CD7DD32C08}.Release|Any CPU.Build.0 = Release|Any CPU
		{3337559B-8C82-4B3B-A1A5-9103DA337C35}.Debug|Any CPU.ActiveCfg = Debug|Any CPU
		{3337559B-8C82-4B3B-A1A5-9103DA337C35}.Debug|Any CPU.Build.0 = Debug|Any CPU
		{3337559B-8C82-4B3B-A1A5-9103DA337C35}.Release|Any CPU.ActiveCfg = Release|Any CPU
		{3337559B-8C82-4B3B-A1A5-9103DA337C35}.Release|Any CPU.Build.0 = Release|Any CPU
		{E7C31D09-3C4E-418A-895E-1EC4BEA9D476}.Debug|Any CPU.ActiveCfg = Debug|Any CPU
		{E7C31D09-3C4E-418A-895E-1EC4BEA9D476}.Debug|Any CPU.Build.0 = Debug|Any CPU
		{E7C31D09-3C4E-418A-895E-1EC4BEA9D476}.Release|Any CPU.ActiveCfg = Release|Any CPU
		{E7C31D09-3C4E-418A-895E-1EC4BEA9D476}.Release|Any CPU.Build.0 = Release|Any CPU
		{1D579921-F30E-410D-974A-16BD7D9D8AF0}.Debug|Any CPU.ActiveCfg = Debug|Any CPU
		{1D579921-F30E-410D-974A-16BD7D9D8AF0}.Debug|Any CPU.Build.0 = Debug|Any CPU
		{1D579921-F30E-410D-974A-16BD7D9D8AF0}.Release|Any CPU.ActiveCfg = Release|Any CPU
		{1D579921-F30E-410D-974A-16BD7D9D8AF0}.Release|Any CPU.Build.0 = Release|Any CPU
	EndGlobalSection
	GlobalSection(SolutionProperties) = preSolution
		HideSolutionNode = FALSE
	EndGlobalSection
	GlobalSection(NestedProjects) = preSolution
		{12ACA1AC-8363-40A8-9C1B-57FD305E5B22} = {BF7BCAB4-0176-4F41-BC75-3B2B0EEC86AB}
		{2E10C57A-115E-462E-A03B-2424C4E72D79} = {BF7BCAB4-0176-4F41-BC75-3B2B0EEC86AB}
		{899D9B0A-AA52-46B6-A155-C71A70CFA0AE} = {BF7BCAB4-0176-4F41-BC75-3B2B0EEC86AB}
		{64C1721C-7EA1-4C14-81B1-45CAD7210FB5} = {2E10C57A-115E-462E-A03B-2424C4E72D79}
		{4A9D7E67-EA86-479A-8F2C-BC29B14A887E} = {2E10C57A-115E-462E-A03B-2424C4E72D79}
		{F151E05F-84D8-4955-A408-19EF16213760} = {12ACA1AC-8363-40A8-9C1B-57FD305E5B22}
		{C7DDC4A2-BAEC-43D1-AAD1-10CCA17F8502} = {899D9B0A-AA52-46B6-A155-C71A70CFA0AE}
		{A30E584D-04C0-4CF7-A1E0-B421817B40D0} = {899D9B0A-AA52-46B6-A155-C71A70CFA0AE}
		{F07D14CC-85BF-4B7A-AC5D-1EA03B6D20BD} = {1885DBDF-0CA2-4016-BA64-2155D2A4CBA6}
		{84C3069D-6798-4392-8A78-E1059D6A9A96} = {1885DBDF-0CA2-4016-BA64-2155D2A4CBA6}
		{BA7A1E30-29DA-485E-83FC-9C424F37A7B6} = {1885DBDF-0CA2-4016-BA64-2155D2A4CBA6}
		{45126C5B-40F4-4190-87CD-0D75C0AB33E2} = {F07D14CC-85BF-4B7A-AC5D-1EA03B6D20BD}
		{13F94BF9-C57B-46B3-8E32-23CD7DD32C08} = {F07D14CC-85BF-4B7A-AC5D-1EA03B6D20BD}
		{3337559B-8C82-4B3B-A1A5-9103DA337C35} = {84C3069D-6798-4392-8A78-E1059D6A9A96}
		{E7C31D09-3C4E-418A-895E-1EC4BEA9D476} = {BA7A1E30-29DA-485E-83FC-9C424F37A7B6}
		{1D579921-F30E-410D-974A-16BD7D9D8AF0} = {BA7A1E30-29DA-485E-83FC-9C424F37A7B6}
	EndGlobalSection
	GlobalSection(ExtensibilityGlobals) = postSolution
		SolutionGuid = {933FAD19-DB09-44B5-ADDB-B6C903D688C3}
	EndGlobalSection
EndGlobal
